
Microsoft Visual Studio Solution File, Format Version 12.00
# Visual Studio Version 16
VisualStudioVersion = 16.0.31624.102
MinimumVisualStudioVersion = 10.0.40219.1
Project("{FAE04EC0-301F-11D3-BF4B-00C04F79EFBC}") = "BearsCW5", "BearsCW5\BearsCW5.csproj", "{A9249B5E-580B-4563-98BE-F5BCE9AF9AA4}"
EndProject
Global
	GlobalSection(SolutionConfigurationPlatforms) = preSolution
		Debug|Any CPU = Debug|Any CPU
		Release|Any CPU = Release|Any CPU
	EndGlobalSection
	GlobalSection(ProjectConfigurationPlatforms) = postSolution
		{A9249B5E-580B-4563-98BE-F5BCE9AF9AA4}.Debug|Any CPU.ActiveCfg = Debug|Any CPU
		{A9249B5E-580B-4563-98BE-F5BCE9AF9AA4}.Debug|Any CPU.Build.0 = Debug|Any CPU
		{A9249B5E-580B-4563-98BE-F5BCE9AF9AA4}.Release|Any CPU.ActiveCfg = Release|Any CPU
		{A9249B5E-580B-4563-98BE-F5BCE9AF9AA4}.Release|Any CPU.Build.0 = Release|Any CPU
	EndGlobalSection
	GlobalSection(SolutionProperties) = preSolution
		HideSolutionNode = FALSE
	EndGlobalSection
	GlobalSection(ExtensibilityGlobals) = postSolution
		SolutionGuid = {DB80E50D-236C-42A7-AAC8-5DCC4652B3E6}
	EndGlobalSection
EndGlobal
